
Microsoft Visual Studio Solution File, Format Version 12.00
# Visual Studio Version 17
VisualStudioVersion = 17.10.34928.147
MinimumVisualStudioVersion = 10.0.40219.1
Project("{FAE04EC0-301F-11D3-BF4B-00C04F79EFBC}") = "Vilta Snippet", "Vilta Snippet\Vilta Snippet.csproj", "{EC3B84E0-3F7A-4095-848A-10EF05C7D110}"
EndProject
Project("{FAE04EC0-301F-11D3-BF4B-00C04F79EFBC}") = "Vilta Logic", "Vilta Logic\Vilta Logic.csproj", "{299EEB44-7AC0-472E-8FA4-91454E1DED68}"
EndProject
Project("{FAE04EC0-301F-11D3-BF4B-00C04F79EFBC}") = "Vilta Database Access", "Vilta Database Access\Vilta Database Access.csproj", "{2B1FA5DA-36CF-4DDE-8E6F-7B9379153271}"
EndProject
Global
	GlobalSection(SolutionConfigurationPlatforms) = preSolution
		Debug|Any CPU = Debug|Any CPU
		Release|Any CPU = Release|Any CPU
	EndGlobalSection
	GlobalSection(ProjectConfigurationPlatforms) = postSolution
		{EC3B84E0-3F7A-4095-848A-10EF05C7D110}.Debug|Any CPU.ActiveCfg = Debug|Any CPU
		{EC3B84E0-3F7A-4095-848A-10EF05C7D110}.Debug|Any CPU.Build.0 = Debug|Any CPU
		{EC3B84E0-3F7A-4095-848A-10EF05C7D110}.Release|Any CPU.ActiveCfg = Release|Any CPU
		{EC3B84E0-3F7A-4095-848A-10EF05C7D110}.Release|Any CPU.Build.0 = Release|Any CPU
		{299EEB44-7AC0-472E-8FA4-91454E1DED68}.Debug|Any CPU.ActiveCfg = Debug|Any CPU
		{299EEB44-7AC0-472E-8FA4-91454E1DED68}.Debug|Any CPU.Build.0 = Debug|Any CPU
		{299EEB44-7AC0-472E-8FA4-91454E1DED68}.Release|Any CPU.ActiveCfg = Release|Any CPU
		{299EEB44-7AC0-472E-8FA4-91454E1DED68}.Release|Any CPU.Build.0 = Release|Any CPU
		{2B1FA5DA-36CF-4DDE-8E6F-7B9379153271}.Debug|Any CPU.ActiveCfg = Debug|Any CPU
		{2B1FA5DA-36CF-4DDE-8E6F-7B9379153271}.Debug|Any CPU.Build.0 = Debug|Any CPU
		{2B1FA5DA-36CF-4DDE-8E6F-7B9379153271}.Release|Any CPU.ActiveCfg = Release|Any CPU
		{2B1FA5DA-36CF-4DDE-8E6F-7B9379153271}.Release|Any CPU.Build.0 = Release|Any CPU
	EndGlobalSection
	GlobalSection(SolutionProperties) = preSolution
		HideSolutionNode = FALSE
	EndGlobalSection
	GlobalSection(ExtensibilityGlobals) = postSolution
		SolutionGuid = {D71DCB39-5683-4534-ACBA-E41A0680DD49}
	EndGlobalSection
EndGlobal
